// !$*UTF8*$!
{
	archiveVersion = 1;
	classes = {
	};
	objectVersion = 50;
	objects = {

/* Begin PBXBuildFile section */
		B172141D266FA11A007A598C /* AnimationTabBarController.swift in Sources */ = {isa = PBXBuildFile; fileRef = B172141C266FA11A007A598C /* AnimationTabBarController.swift */; };
		B1865B1A269E0C8A00DE7FB9 /* TranslateModel.swift in Sources */ = {isa = PBXBuildFile; fileRef = B1865B19269E0C8A00DE7FB9 /* TranslateModel.swift */; };
		B18F3F5A26827CA300104422 /* HistoryPresenter.swift in Sources */ = {isa = PBXBuildFile; fileRef = B18F3F5926827CA300104422 /* HistoryPresenter.swift */; };
		B18F3F5C26827CB500104422 /* HistoryInteractor.swift in Sources */ = {isa = PBXBuildFile; fileRef = B18F3F5B26827CB500104422 /* HistoryInteractor.swift */; };
		B18F3F5E26827CC600104422 /* HistoryConfigurator.swift in Sources */ = {isa = PBXBuildFile; fileRef = B18F3F5D26827CC600104422 /* HistoryConfigurator.swift */; };
		B18F3F60268398F300104422 /* TranslateTablePresenter.swift in Sources */ = {isa = PBXBuildFile; fileRef = B18F3F5F268398F300104422 /* TranslateTablePresenter.swift */; };
		B18F3F622683990B00104422 /* TranslateTableInteractor.swift in Sources */ = {isa = PBXBuildFile; fileRef = B18F3F612683990B00104422 /* TranslateTableInteractor.swift */; };
		B18F3F642683992400104422 /* TranslateTableConfigurator.swift in Sources */ = {isa = PBXBuildFile; fileRef = B18F3F632683992400104422 /* TranslateTableConfigurator.swift */; };
		B18F3F662683992F00104422 /* TranslateTableRouter.swift in Sources */ = {isa = PBXBuildFile; fileRef = B18F3F652683992F00104422 /* TranslateTableRouter.swift */; };
		B18F3F682686856100104422 /* HistoryRouter.swift in Sources */ = {isa = PBXBuildFile; fileRef = B18F3F672686856100104422 /* HistoryRouter.swift */; };
		B19766A7267AB8F400BADE03 /* TranslateLanguages.swift in Sources */ = {isa = PBXBuildFile; fileRef = B19766A6267AB8F400BADE03 /* TranslateLanguages.swift */; };
		B19766A9267AC95300BADE03 /* ReturnedJson.swift in Sources */ = {isa = PBXBuildFile; fileRef = B19766A8267AC95300BADE03 /* ReturnedJson.swift */; };
		B197E8972672433600889BF7 /* TabBarAnimatedTransitioning.swift in Sources */ = {isa = PBXBuildFile; fileRef = B197E8962672433600889BF7 /* TabBarAnimatedTransitioning.swift */; };
		B1B9B70D26602C820064F3F2 /* ChangeLanguageViewController.swift in Sources */ = {isa = PBXBuildFile; fileRef = B1B9B70C26602C820064F3F2 /* ChangeLanguageViewController.swift */; };
		B1C8BAAC264DC83E004C69E7 /* AppDelegate.swift in Sources */ = {isa = PBXBuildFile; fileRef = B1C8BAAB264DC83E004C69E7 /* AppDelegate.swift */; };
		B1C8BAAE264DC83E004C69E7 /* SceneDelegate.swift in Sources */ = {isa = PBXBuildFile; fileRef = B1C8BAAD264DC83E004C69E7 /* SceneDelegate.swift */; };
		B1C8BAB0264DC83E004C69E7 /* TranslateTableViewController.swift in Sources */ = {isa = PBXBuildFile; fileRef = B1C8BAAF264DC83E004C69E7 /* TranslateTableViewController.swift */; };
		B1C8BAB3264DC83E004C69E7 /* Main.storyboard in Resources */ = {isa = PBXBuildFile; fileRef = B1C8BAB1264DC83E004C69E7 /* Main.storyboard */; };
		B1C8BAB6264DC83E004C69E7 /* SBBOL.xcdatamodeld in Sources */ = {isa = PBXBuildFile; fileRef = B1C8BAB4264DC83E004C69E7 /* SBBOL.xcdatamodeld */; };
		B1C8BAB8264DC842004C69E7 /* Assets.xcassets in Resources */ = {isa = PBXBuildFile; fileRef = B1C8BAB7264DC842004C69E7 /* Assets.xcassets */; };
		B1C8BABB264DC842004C69E7 /* LaunchScreen.storyboard in Resources */ = {isa = PBXBuildFile; fileRef = B1C8BAB9264DC842004C69E7 /* LaunchScreen.storyboard */; };
		B1E5112026510EDE006E9E94 /* AzureTranslate.swift in Sources */ = {isa = PBXBuildFile; fileRef = B1E5111F26510EDE006E9E94 /* AzureTranslate.swift */; };
		B1E51124265174CA006E9E94 /* TranslateTableViewCell.swift in Sources */ = {isa = PBXBuildFile; fileRef = B1E51123265174CA006E9E94 /* TranslateTableViewCell.swift */; };
		B1E511272651C752006E9E94 /* CoreDataManager.swift in Sources */ = {isa = PBXBuildFile; fileRef = B1E511262651C752006E9E94 /* CoreDataManager.swift */; };
		B1FA7F7A2660161E00B416AC /* HistoryViewController.swift in Sources */ = {isa = PBXBuildFile; fileRef = B1FA7F792660161E00B416AC /* HistoryViewController.swift */; };
		B1FA7F7C2660185F00B416AC /* HistoryCell.swift in Sources */ = {isa = PBXBuildFile; fileRef = B1FA7F7B2660185F00B416AC /* HistoryCell.swift */; };
/* End PBXBuildFile section */

/* Begin PBXFileReference section */
		B172141C266FA11A007A598C /* AnimationTabBarController.swift */ = {isa = PBXFileReference; lastKnownFileType = sourcecode.swift; path = AnimationTabBarController.swift; sourceTree = "<group>"; };
		B1865B19269E0C8A00DE7FB9 /* TranslateModel.swift */ = {isa = PBXFileReference; fileEncoding = 4; lastKnownFileType = sourcecode.swift; path = TranslateModel.swift; sourceTree = "<group>"; };
		B18F3F5926827CA300104422 /* HistoryPresenter.swift */ = {isa = PBXFileReference; lastKnownFileType = sourcecode.swift; path = HistoryPresenter.swift; sourceTree = "<group>"; };
		B18F3F5B26827CB500104422 /* HistoryInteractor.swift */ = {isa = PBXFileReference; lastKnownFileType = sourcecode.swift; path = HistoryInteractor.swift; sourceTree = "<group>"; };
		B18F3F5D26827CC600104422 /* HistoryConfigurator.swift */ = {isa = PBXFileReference; lastKnownFileType = sourcecode.swift; path = HistoryConfigurator.swift; sourceTree = "<group>"; };
		B18F3F5F268398F300104422 /* TranslateTablePresenter.swift */ = {isa = PBXFileReference; lastKnownFileType = sourcecode.swift; path = TranslateTablePresenter.swift; sourceTree = "<group>"; };
		B18F3F612683990B00104422 /* TranslateTableInteractor.swift */ = {isa = PBXFileReference; lastKnownFileType = sourcecode.swift; path = TranslateTableInteractor.swift; sourceTree = "<group>"; };
		B18F3F632683992400104422 /* TranslateTableConfigurator.swift */ = {isa = PBXFileReference; lastKnownFileType = sourcecode.swift; path = TranslateTableConfigurator.swift; sourceTree = "<group>"; };
		B18F3F652683992F00104422 /* TranslateTableRouter.swift */ = {isa = PBXFileReference; lastKnownFileType = sourcecode.swift; path = TranslateTableRouter.swift; sourceTree = "<group>"; };
		B18F3F672686856100104422 /* HistoryRouter.swift */ = {isa = PBXFileReference; lastKnownFileType = sourcecode.swift; path = HistoryRouter.swift; sourceTree = "<group>"; };
		B19766A6267AB8F400BADE03 /* TranslateLanguages.swift */ = {isa = PBXFileReference; lastKnownFileType = sourcecode.swift; path = TranslateLanguages.swift; sourceTree = "<group>"; };
		B19766A8267AC95300BADE03 /* ReturnedJson.swift */ = {isa = PBXFileReference; lastKnownFileType = sourcecode.swift; path = ReturnedJson.swift; sourceTree = "<group>"; };
		B197E8962672433600889BF7 /* TabBarAnimatedTransitioning.swift */ = {isa = PBXFileReference; lastKnownFileType = sourcecode.swift; path = TabBarAnimatedTransitioning.swift; sourceTree = "<group>"; };
		B1B9B70C26602C820064F3F2 /* ChangeLanguageViewController.swift */ = {isa = PBXFileReference; lastKnownFileType = sourcecode.swift; path = ChangeLanguageViewController.swift; sourceTree = "<group>"; };
		B1C8BAA8264DC83E004C69E7 /* SBBOL.app */ = {isa = PBXFileReference; explicitFileType = wrapper.application; includeInIndex = 0; path = SBBOL.app; sourceTree = BUILT_PRODUCTS_DIR; };
		B1C8BAAB264DC83E004C69E7 /* AppDelegate.swift */ = {isa = PBXFileReference; lastKnownFileType = sourcecode.swift; path = AppDelegate.swift; sourceTree = "<group>"; };
		B1C8BAAD264DC83E004C69E7 /* SceneDelegate.swift */ = {isa = PBXFileReference; lastKnownFileType = sourcecode.swift; path = SceneDelegate.swift; sourceTree = "<group>"; };
		B1C8BAAF264DC83E004C69E7 /* TranslateTableViewController.swift */ = {isa = PBXFileReference; lastKnownFileType = sourcecode.swift; path = TranslateTableViewController.swift; sourceTree = "<group>"; };
		B1C8BAB2264DC83E004C69E7 /* Base */ = {isa = PBXFileReference; lastKnownFileType = file.storyboard; name = Base; path = Base.lproj/Main.storyboard; sourceTree = "<group>"; };
		B1C8BAB5264DC83E004C69E7 /* SBBOL.xcdatamodel */ = {isa = PBXFileReference; lastKnownFileType = wrapper.xcdatamodel; path = SBBOL.xcdatamodel; sourceTree = "<group>"; };
		B1C8BAB7264DC842004C69E7 /* Assets.xcassets */ = {isa = PBXFileReference; lastKnownFileType = folder.assetcatalog; path = Assets.xcassets; sourceTree = "<group>"; };
		B1C8BABA264DC842004C69E7 /* Base */ = {isa = PBXFileReference; lastKnownFileType = file.storyboard; name = Base; path = Base.lproj/LaunchScreen.storyboard; sourceTree = "<group>"; };
		B1C8BABC264DC842004C69E7 /* Info.plist */ = {isa = PBXFileReference; lastKnownFileType = text.plist.xml; path = Info.plist; sourceTree = "<group>"; };
		B1E5111F26510EDE006E9E94 /* AzureTranslate.swift */ = {isa = PBXFileReference; lastKnownFileType = sourcecode.swift; path = AzureTranslate.swift; sourceTree = "<group>"; };
		B1E51123265174CA006E9E94 /* TranslateTableViewCell.swift */ = {isa = PBXFileReference; lastKnownFileType = sourcecode.swift; path = TranslateTableViewCell.swift; sourceTree = "<group>"; };
		B1E511262651C752006E9E94 /* CoreDataManager.swift */ = {isa = PBXFileReference; lastKnownFileType = sourcecode.swift; path = CoreDataManager.swift; sourceTree = "<group>"; };
		B1FA7F792660161E00B416AC /* HistoryViewController.swift */ = {isa = PBXFileReference; lastKnownFileType = sourcecode.swift; path = HistoryViewController.swift; sourceTree = "<group>"; };
		B1FA7F7B2660185F00B416AC /* HistoryCell.swift */ = {isa = PBXFileReference; lastKnownFileType = sourcecode.swift; path = HistoryCell.swift; sourceTree = "<group>"; };
/* End PBXFileReference section */

/* Begin PBXFrameworksBuildPhase section */
		B1C8BAA5264DC83E004C69E7 /* Frameworks */ = {
			isa = PBXFrameworksBuildPhase;
			buildActionMask = 2147483647;
			files = (
			);
			runOnlyForDeploymentPostprocessing = 0;
		};
/* End PBXFrameworksBuildPhase section */

/* Begin PBXGroup section */
		B18F3F5726827C2C00104422 /* Translate */ = {
			isa = PBXGroup;
			children = (
				B1C8BAAF264DC83E004C69E7 /* TranslateTableViewController.swift */,
				B18F3F5F268398F300104422 /* TranslateTablePresenter.swift */,
				B18F3F612683990B00104422 /* TranslateTableInteractor.swift */,
				B18F3F652683992F00104422 /* TranslateTableRouter.swift */,
				B18F3F632683992400104422 /* TranslateTableConfigurator.swift */,
				B1E51123265174CA006E9E94 /* TranslateTableViewCell.swift */,
			);
			path = Translate;
			sourceTree = "<group>";
		};
		B18F3F5826827C3C00104422 /* History */ = {
			isa = PBXGroup;
			children = (
				B1FA7F792660161E00B416AC /* HistoryViewController.swift */,
				B18F3F5926827CA300104422 /* HistoryPresenter.swift */,
				B18F3F5B26827CB500104422 /* HistoryInteractor.swift */,
				B18F3F672686856100104422 /* HistoryRouter.swift */,
				B18F3F5D26827CC600104422 /* HistoryConfigurator.swift */,
				B1FA7F7B2660185F00B416AC /* HistoryCell.swift */,
			);
			path = History;
			sourceTree = "<group>";
		};
		B1C8BA9F264DC83E004C69E7 = {
			isa = PBXGroup;
			children = (
				B1C8BAAA264DC83E004C69E7 /* SBBOL */,
				B1C8BAA9264DC83E004C69E7 /* Products */,
			);
			sourceTree = "<group>";
		};
		B1C8BAA9264DC83E004C69E7 /* Products */ = {
			isa = PBXGroup;
			children = (
				B1C8BAA8264DC83E004C69E7 /* SBBOL.app */,
			);
			name = Products;
			sourceTree = "<group>";
		};
		B1C8BAAA264DC83E004C69E7 /* SBBOL */ = {
			isa = PBXGroup;
			children = (
				B1E5111E26509014006E9E94 /* App */,
				B18F3F5726827C2C00104422 /* Translate */,
				B18F3F5826827C3C00104422 /* History */,
				B1E5111C26508FD6006E9E94 /* ViewControllers */,
				B1E5111826508F29006E9E94 /* Network */,
				B1E511252651C72A006E9E94 /* CoreData */,
				B1E5111D26508FE9006E9E94 /* Helpers */,
				B1E5111A26508FAD006E9E94 /* Resources */,
				B1E5111926508F96006E9E94 /* Models */,
				B1E5111B26508FBF006E9E94 /* Storyboards */,
				B1C8BABC264DC842004C69E7 /* Info.plist */,
				B1C8BAB4264DC83E004C69E7 /* SBBOL.xcdatamodeld */,
			);
			path = SBBOL;
			sourceTree = "<group>";
		};
		B1E5111826508F29006E9E94 /* Network */ = {
			isa = PBXGroup;
			children = (
				B1E5111F26510EDE006E9E94 /* AzureTranslate.swift */,
				B19766A8267AC95300BADE03 /* ReturnedJson.swift */,
			);
			path = Network;
			sourceTree = "<group>";
		};
		B1E5111926508F96006E9E94 /* Models */ = {
			isa = PBXGroup;
			children = (
				B19766A6267AB8F400BADE03 /* TranslateLanguages.swift */,
				B1865B19269E0C8A00DE7FB9 /* TranslateModel.swift */,
			);
			path = Models;
			sourceTree = "<group>";
		};
		B1E5111A26508FAD006E9E94 /* Resources */ = {
			isa = PBXGroup;
			children = (
				B1C8BAB7264DC842004C69E7 /* Assets.xcassets */,
			);
			path = Resources;
			sourceTree = "<group>";
		};
		B1E5111B26508FBF006E9E94 /* Storyboards */ = {
			isa = PBXGroup;
			children = (
				B1C8BAB1264DC83E004C69E7 /* Main.storyboard */,
				B1C8BAB9264DC842004C69E7 /* LaunchScreen.storyboard */,
			);
			path = Storyboards;
			sourceTree = "<group>";
		};
		B1E5111C26508FD6006E9E94 /* ViewControllers */ = {
			isa = PBXGroup;
			children = (
				B1B9B70C26602C820064F3F2 /* ChangeLanguageViewController.swift */,
			);
			path = ViewControllers;
			sourceTree = "<group>";
		};
		B1E5111D26508FE9006E9E94 /* Helpers */ = {
			isa = PBXGroup;
			children = (
				B172141C266FA11A007A598C /* AnimationTabBarController.swift */,
				B197E8962672433600889BF7 /* TabBarAnimatedTransitioning.swift */,
			);
			path = Helpers;
			sourceTree = "<group>";
		};
		B1E5111E26509014006E9E94 /* App */ = {
			isa = PBXGroup;
			children = (
				B1C8BAAB264DC83E004C69E7 /* AppDelegate.swift */,
				B1C8BAAD264DC83E004C69E7 /* SceneDelegate.swift */,
			);
			path = App;
			sourceTree = "<group>";
		};
		B1E511252651C72A006E9E94 /* CoreData */ = {
			isa = PBXGroup;
			children = (
				B1E511262651C752006E9E94 /* CoreDataManager.swift */,
			);
			path = CoreData;
			sourceTree = "<group>";
		};
/* End PBXGroup section */

/* Begin PBXNativeTarget section */
		B1C8BAA7264DC83E004C69E7 /* SBBOL */ = {
			isa = PBXNativeTarget;
			buildConfigurationList = B1C8BABF264DC842004C69E7 /* Build configuration list for PBXNativeTarget "SBBOL" */;
			buildPhases = (
				B1C8BAA4264DC83E004C69E7 /* Sources */,
				B1C8BAA5264DC83E004C69E7 /* Frameworks */,
				B1C8BAA6264DC83E004C69E7 /* Resources */,
			);
			buildRules = (
			);
			dependencies = (
			);
			name = SBBOL;
			productName = SBBOL;
			productReference = B1C8BAA8264DC83E004C69E7 /* SBBOL.app */;
			productType = "com.apple.product-type.application";
		};
/* End PBXNativeTarget section */

/* Begin PBXProject section */
		B1C8BAA0264DC83E004C69E7 /* Project object */ = {
			isa = PBXProject;
			attributes = {
				LastSwiftUpdateCheck = 1250;
				LastUpgradeCheck = 1250;
				TargetAttributes = {
					B1C8BAA7264DC83E004C69E7 = {
						CreatedOnToolsVersion = 12.5;
					};
				};
			};
			buildConfigurationList = B1C8BAA3264DC83E004C69E7 /* Build configuration list for PBXProject "SBBOL" */;
			compatibilityVersion = "Xcode 9.3";
			developmentRegion = en;
			hasScannedForEncodings = 0;
			knownRegions = (
				en,
				Base,
			);
			mainGroup = B1C8BA9F264DC83E004C69E7;
			productRefGroup = B1C8BAA9264DC83E004C69E7 /* Products */;
			projectDirPath = "";
			projectRoot = "";
			targets = (
				B1C8BAA7264DC83E004C69E7 /* SBBOL */,
			);
		};
/* End PBXProject section */

/* Begin PBXResourcesBuildPhase section */
		B1C8BAA6264DC83E004C69E7 /* Resources */ = {
			isa = PBXResourcesBuildPhase;
			buildActionMask = 2147483647;
			files = (
				B1C8BABB264DC842004C69E7 /* LaunchScreen.storyboard in Resources */,
				B1C8BAB8264DC842004C69E7 /* Assets.xcassets in Resources */,
				B1C8BAB3264DC83E004C69E7 /* Main.storyboard in Resources */,
			);
			runOnlyForDeploymentPostprocessing = 0;
		};
/* End PBXResourcesBuildPhase section */

/* Begin PBXSourcesBuildPhase section */
		B1C8BAA4264DC83E004C69E7 /* Sources */ = {
			isa = PBXSourcesBuildPhase;
			buildActionMask = 2147483647;
			files = (
				B18F3F60268398F300104422 /* TranslateTablePresenter.swift in Sources */,
				B197E8972672433600889BF7 /* TabBarAnimatedTransitioning.swift in Sources */,
				B172141D266FA11A007A598C /* AnimationTabBarController.swift in Sources */,
				B19766A7267AB8F400BADE03 /* TranslateLanguages.swift in Sources */,
				B18F3F662683992F00104422 /* TranslateTableRouter.swift in Sources */,
				B18F3F642683992400104422 /* TranslateTableConfigurator.swift in Sources */,
				B1865B1A269E0C8A00DE7FB9 /* TranslateModel.swift in Sources */,
				B18F3F622683990B00104422 /* TranslateTableInteractor.swift in Sources */,
				B1B9B70D26602C820064F3F2 /* ChangeLanguageViewController.swift in Sources */,
				B19766A9267AC95300BADE03 /* ReturnedJson.swift in Sources */,
				B1E5112026510EDE006E9E94 /* AzureTranslate.swift in Sources */,
				B1C8BAB6264DC83E004C69E7 /* SBBOL.xcdatamodeld in Sources */,
				B1E51124265174CA006E9E94 /* TranslateTableViewCell.swift in Sources */,
				B1FA7F7C2660185F00B416AC /* HistoryCell.swift in Sources */,
				B1C8BAB0264DC83E004C69E7 /* TranslateTableViewController.swift in Sources */,
				B18F3F5E26827CC600104422 /* HistoryConfigurator.swift in Sources */,
				B18F3F5A26827CA300104422 /* HistoryPresenter.swift in Sources */,
				B1E511272651C752006E9E94 /* CoreDataManager.swift in Sources */,
				B1C8BAAC264DC83E004C69E7 /* AppDelegate.swift in Sources */,
				B1C8BAAE264DC83E004C69E7 /* SceneDelegate.swift in Sources */,
				B1FA7F7A2660161E00B416AC /* HistoryViewController.swift in Sources */,
				B18F3F5C26827CB500104422 /* HistoryInteractor.swift in Sources */,
				B18F3F682686856100104422 /* HistoryRouter.swift in Sources */,
			);
			runOnlyForDeploymentPostprocessing = 0;
		};
/* End PBXSourcesBuildPhase section */

/* Begin PBXVariantGroup section */
		B1C8BAB1264DC83E004C69E7 /* Main.storyboard */ = {
			isa = PBXVariantGroup;
			children = (
				B1C8BAB2264DC83E004C69E7 /* Base */,
			);
			name = Main.storyboard;
			sourceTree = "<group>";
		};
		B1C8BAB9264DC842004C69E7 /* LaunchScreen.storyboard */ = {
			isa = PBXVariantGroup;
			children = (
				B1C8BABA264DC842004C69E7 /* Base */,
			);
			name = LaunchScreen.storyboard;
			sourceTree = "<group>";
		};
/* End PBXVariantGroup section */

/* Begin XCBuildConfiguration section */
		B1C8BABD264DC842004C69E7 /* Debug */ = {
			isa = XCBuildConfiguration;
			buildSettings = {
				ALWAYS_SEARCH_USER_PATHS = NO;
				CLANG_ANALYZER_NONNULL = YES;
				CLANG_ANALYZER_NUMBER_OBJECT_CONVERSION = YES_AGGRESSIVE;
				CLANG_CXX_LANGUAGE_STANDARD = "gnu++14";
				CLANG_CXX_LIBRARY = "libc++";
				CLANG_ENABLE_MODULES = YES;
				CLANG_ENABLE_OBJC_ARC = YES;
				CLANG_ENABLE_OBJC_WEAK = YES;
				CLANG_WARN_BLOCK_CAPTURE_AUTORELEASING = YES;
				CLANG_WARN_BOOL_CONVERSION = YES;
				CLANG_WARN_COMMA = YES;
				CLANG_WARN_CONSTANT_CONVERSION = YES;
				CLANG_WARN_DEPRECATED_OBJC_IMPLEMENTATIONS = YES;
				CLANG_WARN_DIRECT_OBJC_ISA_USAGE = YES_ERROR;
				CLANG_WARN_DOCUMENTATION_COMMENTS = YES;
				CLANG_WARN_EMPTY_BODY = YES;
				CLANG_WARN_ENUM_CONVERSION = YES;
				CLANG_WARN_INFINITE_RECURSION = YES;
				CLANG_WARN_INT_CONVERSION = YES;
				CLANG_WARN_NON_LITERAL_NULL_CONVERSION = YES;
				CLANG_WARN_OBJC_IMPLICIT_RETAIN_SELF = YES;
				CLANG_WARN_OBJC_LITERAL_CONVERSION = YES;
				CLANG_WARN_OBJC_ROOT_CLASS = YES_ERROR;
				CLANG_WARN_QUOTED_INCLUDE_IN_FRAMEWORK_HEADER = YES;
				CLANG_WARN_RANGE_LOOP_ANALYSIS = YES;
				CLANG_WARN_STRICT_PROTOTYPES = YES;
				CLANG_WARN_SUSPICIOUS_MOVE = YES;
				CLANG_WARN_UNGUARDED_AVAILABILITY = YES_AGGRESSIVE;
				CLANG_WARN_UNREACHABLE_CODE = YES;
				CLANG_WARN__DUPLICATE_METHOD_MATCH = YES;
				COPY_PHASE_STRIP = NO;
				DEBUG_INFORMATION_FORMAT = dwarf;
				ENABLE_STRICT_OBJC_MSGSEND = YES;
				ENABLE_TESTABILITY = YES;
				GCC_C_LANGUAGE_STANDARD = gnu11;
				GCC_DYNAMIC_NO_PIC = NO;
				GCC_NO_COMMON_BLOCKS = YES;
				GCC_OPTIMIZATION_LEVEL = 0;
				GCC_PREPROCESSOR_DEFINITIONS = (
					"DEBUG=1",
					"$(inherited)",
				);
				GCC_WARN_64_TO_32_BIT_CONVERSION = YES;
				GCC_WARN_ABOUT_RETURN_TYPE = YES_ERROR;
				GCC_WARN_UNDECLARED_SELECTOR = YES;
				GCC_WARN_UNINITIALIZED_AUTOS = YES_AGGRESSIVE;
				GCC_WARN_UNUSED_FUNCTION = YES;
				GCC_WARN_UNUSED_VARIABLE = YES;
				IPHONEOS_DEPLOYMENT_TARGET = 13.0;
				MTL_ENABLE_DEBUG_INFO = INCLUDE_SOURCE;
				MTL_FAST_MATH = YES;
				ONLY_ACTIVE_ARCH = YES;
				SDKROOT = iphoneos;
				SWIFT_ACTIVE_COMPILATION_CONDITIONS = DEBUG;
				SWIFT_OPTIMIZATION_LEVEL = "-Onone";
			};
			name = Debug;
		};
		B1C8BABE264DC842004C69E7 /* Release */ = {
			isa = XCBuildConfiguration;
			buildSettings = {
				ALWAYS_SEARCH_USER_PATHS = NO;
				CLANG_ANALYZER_NONNULL = YES;
				CLANG_ANALYZER_NUMBER_OBJECT_CONVERSION = YES_AGGRESSIVE;
				CLANG_CXX_LANGUAGE_STANDARD = "gnu++14";
				CLANG_CXX_LIBRARY = "libc++";
				CLANG_ENABLE_MODULES = YES;
				CLANG_ENABLE_OBJC_ARC = YES;
				CLANG_ENABLE_OBJC_WEAK = YES;
				CLANG_WARN_BLOCK_CAPTURE_AUTORELEASING = YES;
				CLANG_WARN_BOOL_CONVERSION = YES;
				CLANG_WARN_COMMA = YES;
				CLANG_WARN_CONSTANT_CONVERSION = YES;
				CLANG_WARN_DEPRECATED_OBJC_IMPLEMENTATIONS = YES;
				CLANG_WARN_DIRECT_OBJC_ISA_USAGE = YES_ERROR;
				CLANG_WARN_DOCUMENTATION_COMMENTS = YES;
				CLANG_WARN_EMPTY_BODY = YES;
				CLANG_WARN_ENUM_CONVERSION = YES;
				CLANG_WARN_INFINITE_RECURSION = YES;
				CLANG_WARN_INT_CONVERSION = YES;
				CLANG_WARN_NON_LITERAL_NULL_CONVERSION = YES;
				CLANG_WARN_OBJC_IMPLICIT_RETAIN_SELF = YES;
				CLANG_WARN_OBJC_LITERAL_CONVERSION = YES;
				CLANG_WARN_OBJC_ROOT_CLASS = YES_ERROR;
				CLANG_WARN_QUOTED_INCLUDE_IN_FRAMEWORK_HEADER = YES;
				CLANG_WARN_RANGE_LOOP_ANALYSIS = YES;
				CLANG_WARN_STRICT_PROTOTYPES = YES;
				CLANG_WARN_SUSPICIOUS_MOVE = YES;
				CLANG_WARN_UNGUARDED_AVAILABILITY = YES_AGGRESSIVE;
				CLANG_WARN_UNREACHABLE_CODE = YES;
				CLANG_WARN__DUPLICATE_METHOD_MATCH = YES;
				COPY_PHASE_STRIP = NO;
				DEBUG_INFORMATION_FORMAT = "dwarf-with-dsym";
				ENABLE_NS_ASSERTIONS = NO;
				ENABLE_STRICT_OBJC_MSGSEND = YES;
				GCC_C_LANGUAGE_STANDARD = gnu11;
				GCC_NO_COMMON_BLOCKS = YES;
				GCC_WARN_64_TO_32_BIT_CONVERSION = YES;
				GCC_WARN_ABOUT_RETURN_TYPE = YES_ERROR;
				GCC_WARN_UNDECLARED_SELECTOR = YES;
				GCC_WARN_UNINITIALIZED_AUTOS = YES_AGGRESSIVE;
				GCC_WARN_UNUSED_FUNCTION = YES;
				GCC_WARN_UNUSED_VARIABLE = YES;
				IPHONEOS_DEPLOYMENT_TARGET = 13.0;
				MTL_ENABLE_DEBUG_INFO = NO;
				MTL_FAST_MATH = YES;
				SDKROOT = iphoneos;
				SWIFT_COMPILATION_MODE = wholemodule;
				SWIFT_OPTIMIZATION_LEVEL = "-O";
				VALIDATE_PRODUCT = YES;
			};
			name = Release;
		};
		B1C8BAC0264DC842004C69E7 /* Debug */ = {
			isa = XCBuildConfiguration;
			buildSettings = {
				ASSETCATALOG_COMPILER_APPICON_NAME = AppIcon;
				ASSETCATALOG_COMPILER_GLOBAL_ACCENT_COLOR_NAME = AccentColor;
				CODE_SIGN_STYLE = Automatic;
				DEVELOPMENT_TEAM = T2HBBQ5KF9;
				INFOPLIST_FILE = SBBOL/Info.plist;
				LD_RUNPATH_SEARCH_PATHS = (
					"$(inherited)",
					"@executable_path/Frameworks",
				);
				PRODUCT_BUNDLE_IDENTIFIER = home.SBBOL;
				PRODUCT_NAME = "$(TARGET_NAME)";
				SWIFT_VERSION = 5.0;
				TARGETED_DEVICE_FAMILY = "1,2";
			};
			name = Debug;
		};
		B1C8BAC1264DC842004C69E7 /* Release */ = {
			isa = XCBuildConfiguration;
			buildSettings = {
				ASSETCATALOG_COMPILER_APPICON_NAME = AppIcon;
				ASSETCATALOG_COMPILER_GLOBAL_ACCENT_COLOR_NAME = AccentColor;
				CODE_SIGN_STYLE = Automatic;
				DEVELOPMENT_TEAM = T2HBBQ5KF9;
				INFOPLIST_FILE = SBBOL/Info.plist;
				LD_RUNPATH_SEARCH_PATHS = (
					"$(inherited)",
					"@executable_path/Frameworks",
				);
				PRODUCT_BUNDLE_IDENTIFIER = home.SBBOL;
				PRODUCT_NAME = "$(TARGET_NAME)";
				SWIFT_VERSION = 5.0;
				TARGETED_DEVICE_FAMILY = "1,2";
			};
			name = Release;
		};
/* End XCBuildConfiguration section */

/* Begin XCConfigurationList section */
		B1C8BAA3264DC83E004C69E7 /* Build configuration list for PBXProject "SBBOL" */ = {
			isa = XCConfigurationList;
			buildConfigurations = (
				B1C8BABD264DC842004C69E7 /* Debug */,
				B1C8BABE264DC842004C69E7 /* Release */,
			);
			defaultConfigurationIsVisible = 0;
			defaultConfigurationName = Release;
		};
		B1C8BABF264DC842004C69E7 /* Build configuration list for PBXNativeTarget "SBBOL" */ = {
			isa = XCConfigurationList;
			buildConfigurations = (
				B1C8BAC0264DC842004C69E7 /* Debug */,
				B1C8BAC1264DC842004C69E7 /* Release */,
			);
			defaultConfigurationIsVisible = 0;
			defaultConfigurationName = Release;
		};
/* End XCConfigurationList section */

/* Begin XCVersionGroup section */
		B1C8BAB4264DC83E004C69E7 /* SBBOL.xcdatamodeld */ = {
			isa = XCVersionGroup;
			children = (
				B1C8BAB5264DC83E004C69E7 /* SBBOL.xcdatamodel */,
			);
			currentVersion = B1C8BAB5264DC83E004C69E7 /* SBBOL.xcdatamodel */;
			path = SBBOL.xcdatamodeld;
			sourceTree = "<group>";
			versionGroupType = wrapper.xcdatamodel;
		};
/* End XCVersionGroup section */
	};
	rootObject = B1C8BAA0264DC83E004C69E7 /* Project object */;
}
